{
  "name": "upt-moderation-tools",
  "lockfileVersion": 3,
  "requires": true,
  "packages": {
    "": {
      "name": "upt-moderation-tools",
      "dependencies": {
        "@coffeeandfun/google-profanity-words": "^3.0.7"
      }
    },
    "node_modules/@coffeeandfun/google-profanity-words": {
      "version": "3.0.7",
      "resolved": "https://registry.npmjs.org/@coffeeandfun/google-profanity-words/-/google-profanity-words-3.0.7.tgz",
      "integrity": "sha512-xbtxvk+MJbzRJHL2LyS/3YKkBQsqhK/aMI4OZQCNt3hW2b8WZ8zDKF+K+2925w5/mQdMC7RKN21LGaR0phnDmA==",
      "license": "MIT",
      "engines": {
        "node": ">=16"
      }
    }
  }
}
